
Microsoft Visual Studio Solution File, Format Version 12.00
# Visual Studio 15
VisualStudioVersion = 15.0.28307.572
MinimumVisualStudioVersion = 10.0.40219.1
Project("{FAE04EC0-301F-11D3-BF4B-00C04F79EFBC}") = "ConsoleApp6", "ConsoleApp6\ConsoleApp6.csproj", "{C791ADEA-21C0-4810-A0C3-8095D4926DB5}"
EndProject
Global
	GlobalSection(SolutionConfigurationPlatforms) = preSolution
		Debug|Any CPU = Debug|Any CPU
		Release|Any CPU = Release|Any CPU
	EndGlobalSection
	GlobalSection(ProjectConfigurationPlatforms) = postSolution
		{C791ADEA-21C0-4810-A0C3-8095D4926DB5}.Debug|Any CPU.ActiveCfg = Debug|Any CPU
		{C791ADEA-21C0-4810-A0C3-8095D4926DB5}.Debug|Any CPU.Build.0 = Debug|Any CPU
		{C791ADEA-21C0-4810-A0C3-8095D4926DB5}.Release|Any CPU.ActiveCfg = Release|Any CPU
		{C791ADEA-21C0-4810-A0C3-8095D4926DB5}.Release|Any CPU.Build.0 = Release|Any CPU
	EndGlobalSection
	GlobalSection(SolutionProperties) = preSolution
		HideSolutionNode = FALSE
	EndGlobalSection
	GlobalSection(ExtensibilityGlobals) = postSolution
		SolutionGuid = {D4920F17-1AEF-414B-973B-ABF00CDA0479}
	EndGlobalSection
EndGlobal
